{
  "name": "translator",
  "version": "1.0.0",
  "lockfileVersion": 3,
  "requires": true,
  "packages": {
    "": {
      "name": "translator",
      "version": "1.0.0",
      "license": "MIT",
      "dependencies": {
        "chinese-s2t": "^1.0.0",
        "marked": "^7.0.3"
      }
    },
    "node_modules/chinese-s2t": {
      "version": "1.0.0",
      "resolved": "https://registry.npmjs.org/chinese-s2t/-/chinese-s2t-1.0.0.tgz",
      "integrity": "sha512-7OozF1W+rFJpGldX5Xl2c0XuZg7NKYK5tUe0g9UQEJ6WZg6kJpBwEGgOyCVRMf6HOQ5UDdudIYFRcqeQadAxSA=="
    },
    "node_modules/marked": {
      "version": "7.0.5",
      "resolved": "https://registry.npmjs.org/marked/-/marked-7.0.5.tgz",
      "integrity": "sha512-lwNAFTfXgqpt/XvK17a/8wY9/q6fcSPZT1aP6QW0u74VwaJF/Z9KbRcX23sWE4tODM+AolJNcUtErTkgOeFP/Q==",
      "bin": {
        "marked": "bin/marked.js"
      },
      "engines": {
        "node": ">= 16"
      }
    }
  }
}
